
Microsoft Visual Studio Solution File, Format Version 12.00
# Visual Studio Version 17
VisualStudioVersion = 17.0.31919.166
MinimumVisualStudioVersion = 10.0.40219.1
Project("{FAE04EC0-301F-11D3-BF4B-00C04F79EFBC}") = "Calc", "Calc\Calc.csproj", "{C91549AD-5BD6-4214-A485-8176BD652670}"
EndProject
Global
	GlobalSection(SolutionConfigurationPlatforms) = preSolution
		Debug|Any CPU = Debug|Any CPU
		Release|Any CPU = Release|Any CPU
	EndGlobalSection
	GlobalSection(ProjectConfigurationPlatforms) = postSolution
		{C91549AD-5BD6-4214-A485-8176BD652670}.Debug|Any CPU.ActiveCfg = Debug|Any CPU
		{C91549AD-5BD6-4214-A485-8176BD652670}.Debug|Any CPU.Build.0 = Debug|Any CPU
		{C91549AD-5BD6-4214-A485-8176BD652670}.Release|Any CPU.ActiveCfg = Release|Any CPU
		{C91549AD-5BD6-4214-A485-8176BD652670}.Release|Any CPU.Build.0 = Release|Any CPU
	EndGlobalSection
	GlobalSection(SolutionProperties) = preSolution
		HideSolutionNode = FALSE
	EndGlobalSection
	GlobalSection(ExtensibilityGlobals) = postSolution
		SolutionGuid = {D642C0D2-4B30-4C6B-AC59-E8E381301EAD}
	EndGlobalSection
EndGlobal
